Microsoft Visual Studio Solution File, Format Version 12.00
# Visual Studio Version 17
VisualStudioVersion = 17.5.2.0
MinimumVisualStudioVersion = 10.0.40219.1
Project("{FAE04EC0-301F-11D3-BF4B-00C04F79EFBC}") = "MangoFusion_API", "MangoFusion_API\MangoFusion_API.csproj", "{D00D5DC1-4A88-79B8-70D0-A6E765FC019D}"
EndProject
Global
	GlobalSection(SolutionConfigurationPlatforms) = preSolution
		Debug|Any CPU = Debug|Any CPU
		Release|Any CPU = Release|Any CPU
	EndGlobalSection
	GlobalSection(ProjectConfigurationPlatforms) = postSolution
		{D00D5DC1-4A88-79B8-70D0-A6E765FC019D}.Debug|Any CPU.ActiveCfg = Debug|Any CPU
		{D00D5DC1-4A88-79B8-70D0-A6E765FC019D}.Debug|Any CPU.Build.0 = Debug|Any CPU
		{D00D5DC1-4A88-79B8-70D0-A6E765FC019D}.Release|Any CPU.ActiveCfg = Release|Any CPU
		{D00D5DC1-4A88-79B8-70D0-A6E765FC019D}.Release|Any CPU.Build.0 = Release|Any CPU
	EndGlobalSection
	GlobalSection(SolutionProperties) = preSolution
		HideSolutionNode = FALSE
	EndGlobalSection
	GlobalSection(ExtensibilityGlobals) = postSolution
		SolutionGuid = {6AD40391-50A1-4D28-AEEC-30E1C0EFF488}
	EndGlobalSection
EndGlobal
